
Microsoft Visual Studio Solution File, Format Version 12.00
# Visual Studio Version 16
VisualStudioVersion = 16.0.29424.173
MinimumVisualStudioVersion = 10.0.40219.1
Project("{FAE04EC0-301F-11D3-BF4B-00C04F79EFBC}") = "loft", "loft\loft.csproj", "{7488F7A8-32ED-4983-A703-DEF3E51BD6A3}"
EndProject
Global
	GlobalSection(SolutionConfigurationPlatforms) = preSolution
		Debug|Any CPU = Debug|Any CPU
		Release|Any CPU = Release|Any CPU
	EndGlobalSection
	GlobalSection(ProjectConfigurationPlatforms) = postSolution
		{7488F7A8-32ED-4983-A703-DEF3E51BD6A3}.Debug|Any CPU.ActiveCfg = Debug|Any CPU
		{7488F7A8-32ED-4983-A703-DEF3E51BD6A3}.Debug|Any CPU.Build.0 = Debug|Any CPU
		{7488F7A8-32ED-4983-A703-DEF3E51BD6A3}.Release|Any CPU.ActiveCfg = Release|Any CPU
		{7488F7A8-32ED-4983-A703-DEF3E51BD6A3}.Release|Any CPU.Build.0 = Release|Any CPU
	EndGlobalSection
	GlobalSection(SolutionProperties) = preSolution
		HideSolutionNode = FALSE
	EndGlobalSection
	GlobalSection(ExtensibilityGlobals) = postSolution
		SolutionGuid = {E3BCCFC4-F5C8-40B9-856A-729D18190323}
	EndGlobalSection
EndGlobal
